
Microsoft Visual Studio Solution File, Format Version 12.00
# Visual Studio 2012
Project("{FAE04EC0-301F-11D3-BF4B-00C04F79EFBC}") = "RussianCheckers", "RussianCheckers\RussianCheckers.csproj", "{36BCFECD-A458-47BD-9E3F-4C3FEBE3EC07}"
EndProject
Project("{FAE04EC0-301F-11D3-BF4B-00C04F79EFBC}") = "Checkers.Model", "Checkers.Model\Checkers.Model.csproj", "{87B284D5-61BB-4F9D-859C-8C5D3BCAFBBB}"
EndProject
Project("{FAE04EC0-301F-11D3-BF4B-00C04F79EFBC}") = "Checkers.Model.Test", "Checkers.Model.Test\Checkers.Model.Test.csproj", "{EAE0C44F-D2D9-42BD-9E53-857D6D17BCFE}"
EndProject
Global
	GlobalSection(SolutionConfigurationPlatforms) = preSolution
		Debug|Any CPU = Debug|Any CPU
		Release|Any CPU = Release|Any CPU
	EndGlobalSection
	GlobalSection(ProjectConfigurationPlatforms) = postSolution
		{36BCFECD-A458-47BD-9E3F-4C3FEBE3EC07}.Debug|Any CPU.ActiveCfg = Debug|Any CPU
		{36BCFECD-A458-47BD-9E3F-4C3FEBE3EC07}.Debug|Any CPU.Build.0 = Debug|Any CPU
		{36BCFECD-A458-47BD-9E3F-4C3FEBE3EC07}.Release|Any CPU.ActiveCfg = Release|Any CPU
		{36BCFECD-A458-47BD-9E3F-4C3FEBE3EC07}.Release|Any CPU.Build.0 = Release|Any CPU
		{87B284D5-61BB-4F9D-859C-8C5D3BCAFBBB}.Debug|Any CPU.ActiveCfg = Debug|Any CPU
		{87B284D5-61BB-4F9D-859C-8C5D3BCAFBBB}.Debug|Any CPU.Build.0 = Debug|Any CPU
		{87B284D5-61BB-4F9D-859C-8C5D3BCAFBBB}.Release|Any CPU.ActiveCfg = Release|Any CPU
		{87B284D5-61BB-4F9D-859C-8C5D3BCAFBBB}.Release|Any CPU.Build.0 = Release|Any CPU
		{EAE0C44F-D2D9-42BD-9E53-857D6D17BCFE}.Debug|Any CPU.ActiveCfg = Debug|Any CPU
		{EAE0C44F-D2D9-42BD-9E53-857D6D17BCFE}.Debug|Any CPU.Build.0 = Debug|Any CPU
		{EAE0C44F-D2D9-42BD-9E53-857D6D17BCFE}.Release|Any CPU.ActiveCfg = Release|Any CPU
		{EAE0C44F-D2D9-42BD-9E53-857D6D17BCFE}.Release|Any CPU.Build.0 = Release|Any CPU
	EndGlobalSection
	GlobalSection(SolutionProperties) = preSolution
		HideSolutionNode = FALSE
	EndGlobalSection
EndGlobal
